
Microsoft Visual Studio Solution File, Format Version 12.00
# Visual Studio Version 16
VisualStudioVersion = 16.0.33927.289
MinimumVisualStudioVersion = 10.0.40219.1
Project("{2150E333-8FDC-42A3-9474-1A3956D46DE8}") = "Task0", "Task0", "{008F81E5-61F3-4B14-B200-9889AD89A85C}"
EndProject
Project("{FAE04EC0-301F-11D3-BF4B-00C04F79EFBC}") = "Tyuiu.VorobevSA.Sрrint2.Task0.V22", "Tyuiu.VorobevSA.Sрrint2.Task0.V22\Tyuiu.VorobevSA.Sрrint2.Task0.V22.csproj", "{A1623365-770B-4963-94FE-A9817767642E}"
EndProject
Project("{FAE04EC0-301F-11D3-BF4B-00C04F79EFBC}") = "Tyuiu.VorobevSA.Sрrint2.Task0.V22.Lib", "Tyuiu.VorobevSA.Sрrint2.Task0.V22.Lib\Tyuiu.VorobevSA.Sрrint2.Task0.V22.Lib.csproj", "{4683F95D-3C5A-4E4F-8815-BBF8085F4E85}"
EndProject
Project("{FAE04EC0-301F-11D3-BF4B-00C04F79EFBC}") = "Tyuiu.VorobevSA.Sрrint2.Task0.V22.Test", "Tyuiu.VorobevSA.Sрrint2.Task0.V22.Test\Tyuiu.VorobevSA.Sрrint2.Task0.V22.Test.csproj", "{C10F6C62-B9F9-40D9-816F-86B8406A25EB}"
EndProject
Global
	GlobalSection(SolutionConfigurationPlatforms) = preSolution
		Debug|Any CPU = Debug|Any CPU
		Release|Any CPU = Release|Any CPU
	EndGlobalSection
	GlobalSection(ProjectConfigurationPlatforms) = postSolution
		{A1623365-770B-4963-94FE-A9817767642E}.Debug|Any CPU.ActiveCfg = Debug|Any CPU
		{A1623365-770B-4963-94FE-A9817767642E}.Debug|Any CPU.Build.0 = Debug|Any CPU
		{A1623365-770B-4963-94FE-A9817767642E}.Release|Any CPU.ActiveCfg = Release|Any CPU
		{A1623365-770B-4963-94FE-A9817767642E}.Release|Any CPU.Build.0 = Release|Any CPU
		{4683F95D-3C5A-4E4F-8815-BBF8085F4E85}.Debug|Any CPU.ActiveCfg = Debug|Any CPU
		{4683F95D-3C5A-4E4F-8815-BBF8085F4E85}.Debug|Any CPU.Build.0 = Debug|Any CPU
		{4683F95D-3C5A-4E4F-8815-BBF8085F4E85}.Release|Any CPU.ActiveCfg = Release|Any CPU
		{4683F95D-3C5A-4E4F-8815-BBF8085F4E85}.Release|Any CPU.Build.0 = Release|Any CPU
		{C10F6C62-B9F9-40D9-816F-86B8406A25EB}.Debug|Any CPU.ActiveCfg = Debug|Any CPU
		{C10F6C62-B9F9-40D9-816F-86B8406A25EB}.Debug|Any CPU.Build.0 = Debug|Any CPU
		{C10F6C62-B9F9-40D9-816F-86B8406A25EB}.Release|Any CPU.ActiveCfg = Release|Any CPU
		{C10F6C62-B9F9-40D9-816F-86B8406A25EB}.Release|Any CPU.Build.0 = Release|Any CPU
	EndGlobalSection
	GlobalSection(SolutionProperties) = preSolution
		HideSolutionNode = FALSE
	EndGlobalSection
	GlobalSection(NestedProjects) = preSolution
		{A1623365-770B-4963-94FE-A9817767642E} = {008F81E5-61F3-4B14-B200-9889AD89A85C}
		{4683F95D-3C5A-4E4F-8815-BBF8085F4E85} = {008F81E5-61F3-4B14-B200-9889AD89A85C}
		{C10F6C62-B9F9-40D9-816F-86B8406A25EB} = {008F81E5-61F3-4B14-B200-9889AD89A85C}
	EndGlobalSection
	GlobalSection(ExtensibilityGlobals) = postSolution
		SolutionGuid = {DE6731AF-0A9D-44AB-8A1E-3B7E3B038AB6}
	EndGlobalSection
EndGlobal
