
Microsoft Visual Studio Solution File, Format Version 12.00
# Visual Studio Version 16
VisualStudioVersion = 16.0.33927.289
MinimumVisualStudioVersion = 10.0.40219.1
Project("{2150E333-8FDC-42A3-9474-1A3956D46DE8}") = "Task0", "Task0", "{F261FD51-C24B-4C84-A515-E052BFD5552B}"
EndProject
Project("{FAE04EC0-301F-11D3-BF4B-00C04F79EFBC}") = "Tyuiu.VorobevSA.Sprint2.Task0.V22", "Tyuiu.VorobevSA.Sprint2.Task0.V22\Tyuiu.VorobevSA.Sprint2.Task0.V22.csproj", "{7B5C13CF-A011-42EF-B718-008DE9617989}"
EndProject
Project("{FAE04EC0-301F-11D3-BF4B-00C04F79EFBC}") = "Tyuiu.VorobevSA.Sprint2.Task0.V22.Lib", "Tyuiu.VorobevSA.Sprint2.Task0.V22.Lib\Tyuiu.VorobevSA.Sprint2.Task0.V22.Lib.csproj", "{4683F95D-3C5A-4E4F-8815-BBF8085F4E85}"
EndProject
Project("{FAE04EC0-301F-11D3-BF4B-00C04F79EFBC}") = "Tyuiu.VorobevSA.Sprint2.Task0.V22.Test", "Tyuiu.VorobevSA.Sprint2.Task0.V22.Test\Tyuiu.VorobevSA.Sprint2.Task0.V22.Test.csproj", "{C10F6C62-B9F9-40D9-816F-86B8406A25EB}"
EndProject
Project("{2150E333-8FDC-42A3-9474-1A3956D46DE8}") = "Task1", "Task1", "{DA47F13E-B06A-4E13-935D-AB43FE0CBE78}"
EndProject
Project("{FAE04EC0-301F-11D3-BF4B-00C04F79EFBC}") = "Tyuiu.VorobevSA.Sprint2.Task1.V13", "Tyuiu.VorobevSA.Sprint2.Task1.V13\Tyuiu.VorobevSA.Sprint2.Task1.V13.csproj", "{7F52845C-044E-44C7-A95C-B5C6776EA724}"
EndProject
Project("{FAE04EC0-301F-11D3-BF4B-00C04F79EFBC}") = "Tyuiu.VorobevSA.Sprint2.Task1.V13.Lib", "Tyuiu.VorobevSA.Sprint2.Task1.V13.Lib\Tyuiu.VorobevSA.Sprint2.Task1.V13.Lib.csproj", "{BD1246F1-9D60-434C-A042-43F0C9EA6674}"
EndProject
Project("{FAE04EC0-301F-11D3-BF4B-00C04F79EFBC}") = "Tyuiu.VorobevSA.Sprint2.Task1.V13.Test", "Tyuiu.VorobevSA.Sprint2.Task1.V13.Test\Tyuiu.VorobevSA.Sprint2.Task1.V13.Test.csproj", "{3111927E-90FB-415F-A94E-5772C1B06EDC}"
EndProject
Project("{2150E333-8FDC-42A3-9474-1A3956D46DE8}") = "Task2", "Task2", "{85A0D33B-6B25-48BE-B19B-157ADFBFF29D}"
EndProject
Project("{FAE04EC0-301F-11D3-BF4B-00C04F79EFBC}") = "Tyuiu.VorobevSA.Sprint2.Task2.V5", "Tyuiu.VorobevSA.Sprint2.Task2.V5\Tyuiu.VorobevSA.Sprint2.Task2.V5.csproj", "{4FEDC81E-F0BD-4A8E-870F-8D3D6A60CD3C}"
EndProject
Project("{FAE04EC0-301F-11D3-BF4B-00C04F79EFBC}") = "Tyuiu.VorobevSA.Sprint2.Task2.V5.Lib", "Tyuiu.VorobevSA.Sprint2.Task2.V5.Lib\Tyuiu.VorobevSA.Sprint2.Task2.V5.Lib.csproj", "{D6988A67-2C95-4F55-9DB1-75BBDFE75072}"
EndProject
Project("{FAE04EC0-301F-11D3-BF4B-00C04F79EFBC}") = "Tyuiu.VorobevSA.Sprint2.Task2.V5.Test", "Tyuiu.VorobevSA.Sprint2.Task2.V5.Test\Tyuiu.VorobevSA.Sprint2.Task2.V5.Test.csproj", "{F875D5BA-EB3A-4025-8BF5-6B71D0200B1B}"
EndProject
Project("{2150E333-8FDC-42A3-9474-1A3956D46DE8}") = "Task3", "Task3", "{E42ADEAB-E347-426D-A589-2CA7F92353E3}"
EndProject
Project("{FAE04EC0-301F-11D3-BF4B-00C04F79EFBC}") = "Tyuiu.VorobevSA.Sprint2.Task3.V1", "Tyuiu.VorobevSA.Sprint2.Task3.V1\Tyuiu.VorobevSA.Sprint2.Task3.V1.csproj", "{50DF0152-2886-4741-A40F-0E94B7F87BBF}"
EndProject
Project("{FAE04EC0-301F-11D3-BF4B-00C04F79EFBC}") = "Tyuiu.VorobevSA.Sprint2.Task3.V1.Lib", "Tyuiu.VorobevSA.Sprint2.Task3.V1.Lib\Tyuiu.VorobevSA.Sprint2.Task3.V1.Lib.csproj", "{D11E7007-28A5-40DF-B4AA-92EAA5487315}"
EndProject
Project("{FAE04EC0-301F-11D3-BF4B-00C04F79EFBC}") = "Tyuiu.VorobevSA.Sprint2.Task3.V1.Test", "Tyuiu.VorobevSA.Sprint2.Task3.V1.Test\Tyuiu.VorobevSA.Sprint2.Task3.V1.Test.csproj", "{8681A8A3-4175-4302-A003-55B78E4C6C64}"
EndProject
Project("{2150E333-8FDC-42A3-9474-1A3956D46DE8}") = "Task4", "Task4", "{978402BC-1F91-4E26-9BDC-4F49FEA0C7D1}"
EndProject
Project("{FAE04EC0-301F-11D3-BF4B-00C04F79EFBC}") = "Tyuiu.VorobevSA.Sprint2.Task4.V30", "Tyuiu.VorobevSA.Sprint2.Task4.V30\Tyuiu.VorobevSA.Sprint2.Task4.V30.csproj", "{66EDD2DC-898E-4F35-B087-0B7ACAE8334B}"
EndProject
Project("{FAE04EC0-301F-11D3-BF4B-00C04F79EFBC}") = "Tyuiu.VorobevSA.Sprint2.Task4.V30.Lib", "Tyuiu.VorobevSA.Sprint2.Task4.V30.Lib\Tyuiu.VorobevSA.Sprint2.Task4.V30.Lib.csproj", "{E3D8E8DD-0C15-454F-8CC9-F1635DA0FE83}"
EndProject
Project("{FAE04EC0-301F-11D3-BF4B-00C04F79EFBC}") = "Tyuiu.VorobevSA.Sprint2.Task4.V30.Test", "Tyuiu.VorobevSA.Sprint2.Task4.V30.Test\Tyuiu.VorobevSA.Sprint2.Task4.V30.Test.csproj", "{94AD9957-035B-46B3-A547-5D3FFD66C00C}"
EndProject
Project("{2150E333-8FDC-42A3-9474-1A3956D46DE8}") = "Task5", "Task5", "{543BC5B3-6438-4CB8-9B9B-A17779861BF2}"
EndProject
Project("{FAE04EC0-301F-11D3-BF4B-00C04F79EFBC}") = "Tyuiu.VorobevSA.Sprint2.Task5.V7", "Tyuiu.VorobevSA.Sprint2.Task5.V7\Tyuiu.VorobevSA.Sprint2.Task5.V7.csproj", "{0DBD0C6E-6560-4841-8540-A428D14037D8}"
EndProject
Project("{FAE04EC0-301F-11D3-BF4B-00C04F79EFBC}") = "Tyuiu.VorobevSA.Sprint2.Task5.V7.Lib", "Tyuiu.VorobevSA.Sprint2.Task5.V7.Lib\Tyuiu.VorobevSA.Sprint2.Task5.V7.Lib.csproj", "{4CC84A3D-B51A-4748-8DDC-39F240DB4BF7}"
EndProject
Project("{FAE04EC0-301F-11D3-BF4B-00C04F79EFBC}") = "Tyuiu.VorobevSA.Sprint2.Task5.V7.Test", "Tyuiu.VorobevSA.Sprint2.Task5.V7.Test\Tyuiu.VorobevSA.Sprint2.Task5.V7.Test.csproj", "{49BE7090-AB13-4F82-AC04-2134DE55FB8A}"
EndProject
Project("{2150E333-8FDC-42A3-9474-1A3956D46DE8}") = "Task6", "Task6", "{1568B7CA-2439-432C-B4C5-9AE8AB1A9950}"
EndProject
Project("{FAE04EC0-301F-11D3-BF4B-00C04F79EFBC}") = "Tyuiu.VorobevSA.Sprint2.Task6.V15", "Tyuiu.VorobevSA.Sprint2.Task6.V15\Tyuiu.VorobevSA.Sprint2.Task6.V15.csproj", "{B78F5A7F-D95A-4AE8-AF97-772A37E8685F}"
EndProject
Project("{FAE04EC0-301F-11D3-BF4B-00C04F79EFBC}") = "Tyuiu.VorobevSA.Sprint2.Task6.V15.Lib", "Tyuiu.VorobevSA.Sprint2.Task6.V15.Lib\Tyuiu.VorobevSA.Sprint2.Task6.V15.Lib.csproj", "{6B5FB675-C063-49A1-A35F-AD1B61C8935E}"
EndProject
Project("{FAE04EC0-301F-11D3-BF4B-00C04F79EFBC}") = "Tyuiu.VorobevSA.Sprint2.Task6.V15.Test", "Tyuiu.VorobevSA.Sprint2.Task6.V15.Test\Tyuiu.VorobevSA.Sprint2.Task6.V15.Test.csproj", "{C7D1A128-C8F5-4127-86B8-3FE3B02BEA32}"
EndProject
Project("{2150E333-8FDC-42A3-9474-1A3956D46DE8}") = "Task7", "Task7", "{379C5BC2-CC8A-4622-A2CD-4A1699CD8BE4}"
EndProject
Project("{FAE04EC0-301F-11D3-BF4B-00C04F79EFBC}") = "Tyuiu.VorobevSA.Sprint2.Task7.V15", "Tyuiu.VorobevSA.Sprint2.Task7.V15\Tyuiu.VorobevSA.Sprint2.Task7.V15.csproj", "{021132E5-1821-436E-9DA8-9FF935AA968D}"
EndProject
Project("{FAE04EC0-301F-11D3-BF4B-00C04F79EFBC}") = "Tyuiu.VorobevSA.Sprint2.Task7.V15.Lib", "Tyuiu.VorobevSA.Sprint2.Task7.V15.Lib\Tyuiu.VorobevSA.Sprint2.Task7.V15.Lib.csproj", "{64408A59-1DF7-4764-B3E7-C1188F82CE2F}"
EndProject
Project("{FAE04EC0-301F-11D3-BF4B-00C04F79EFBC}") = "Tyuiu.VorobevSA.Sprint2.Task7.V15.Test", "Tyuiu.VorobevSA.Sprint2.Task7.V15.Test\Tyuiu.VorobevSA.Sprint2.Task7.V15.Test.csproj", "{66E8E122-506E-4B0F-8F48-3CF7750692CF}"
EndProject
Global
	GlobalSection(SolutionConfigurationPlatforms) = preSolution
		Debug|Any CPU = Debug|Any CPU
		Release|Any CPU = Release|Any CPU
	EndGlobalSection
	GlobalSection(ProjectConfigurationPlatforms) = postSolution
		{7B5C13CF-A011-42EF-B718-008DE9617989}.Debug|Any CPU.ActiveCfg = Debug|Any CPU
		{7B5C13CF-A011-42EF-B718-008DE9617989}.Debug|Any CPU.Build.0 = Debug|Any CPU
		{7B5C13CF-A011-42EF-B718-008DE9617989}.Release|Any CPU.ActiveCfg = Release|Any CPU
		{7B5C13CF-A011-42EF-B718-008DE9617989}.Release|Any CPU.Build.0 = Release|Any CPU
		{4683F95D-3C5A-4E4F-8815-BBF8085F4E85}.Debug|Any CPU.ActiveCfg = Debug|Any CPU
		{4683F95D-3C5A-4E4F-8815-BBF8085F4E85}.Debug|Any CPU.Build.0 = Debug|Any CPU
		{4683F95D-3C5A-4E4F-8815-BBF8085F4E85}.Release|Any CPU.ActiveCfg = Release|Any CPU
		{4683F95D-3C5A-4E4F-8815-BBF8085F4E85}.Release|Any CPU.Build.0 = Release|Any CPU
		{C10F6C62-B9F9-40D9-816F-86B8406A25EB}.Debug|Any CPU.ActiveCfg = Debug|Any CPU
		{C10F6C62-B9F9-40D9-816F-86B8406A25EB}.Debug|Any CPU.Build.0 = Debug|Any CPU
		{C10F6C62-B9F9-40D9-816F-86B8406A25EB}.Release|Any CPU.ActiveCfg = Release|Any CPU
		{C10F6C62-B9F9-40D9-816F-86B8406A25EB}.Release|Any CPU.Build.0 = Release|Any CPU
		{7F52845C-044E-44C7-A95C-B5C6776EA724}.Debug|Any CPU.ActiveCfg = Debug|Any CPU
		{7F52845C-044E-44C7-A95C-B5C6776EA724}.Debug|Any CPU.Build.0 = Debug|Any CPU
		{7F52845C-044E-44C7-A95C-B5C6776EA724}.Release|Any CPU.ActiveCfg = Release|Any CPU
		{7F52845C-044E-44C7-A95C-B5C6776EA724}.Release|Any CPU.Build.0 = Release|Any CPU
		{BD1246F1-9D60-434C-A042-43F0C9EA6674}.Debug|Any CPU.ActiveCfg = Debug|Any CPU
		{BD1246F1-9D60-434C-A042-43F0C9EA6674}.Debug|Any CPU.Build.0 = Debug|Any CPU
		{BD1246F1-9D60-434C-A042-43F0C9EA6674}.Release|Any CPU.ActiveCfg = Release|Any CPU
		{BD1246F1-9D60-434C-A042-43F0C9EA6674}.Release|Any CPU.Build.0 = Release|Any CPU
		{3111927E-90FB-415F-A94E-5772C1B06EDC}.Debug|Any CPU.ActiveCfg = Debug|Any CPU
		{3111927E-90FB-415F-A94E-5772C1B06EDC}.Debug|Any CPU.Build.0 = Debug|Any CPU
		{3111927E-90FB-415F-A94E-5772C1B06EDC}.Release|Any CPU.ActiveCfg = Release|Any CPU
		{3111927E-90FB-415F-A94E-5772C1B06EDC}.Release|Any CPU.Build.0 = Release|Any CPU
		{4FEDC81E-F0BD-4A8E-870F-8D3D6A60CD3C}.Debug|Any CPU.ActiveCfg = Debug|Any CPU
		{4FEDC81E-F0BD-4A8E-870F-8D3D6A60CD3C}.Debug|Any CPU.Build.0 = Debug|Any CPU
		{4FEDC81E-F0BD-4A8E-870F-8D3D6A60CD3C}.Release|Any CPU.ActiveCfg = Release|Any CPU
		{4FEDC81E-F0BD-4A8E-870F-8D3D6A60CD3C}.Release|Any CPU.Build.0 = Release|Any CPU
		{D6988A67-2C95-4F55-9DB1-75BBDFE75072}.Debug|Any CPU.ActiveCfg = Debug|Any CPU
		{D6988A67-2C95-4F55-9DB1-75BBDFE75072}.Debug|Any CPU.Build.0 = Debug|Any CPU
		{D6988A67-2C95-4F55-9DB1-75BBDFE75072}.Release|Any CPU.ActiveCfg = Release|Any CPU
		{D6988A67-2C95-4F55-9DB1-75BBDFE75072}.Release|Any CPU.Build.0 = Release|Any CPU
		{F875D5BA-EB3A-4025-8BF5-6B71D0200B1B}.Debug|Any CPU.ActiveCfg = Debug|Any CPU
		{F875D5BA-EB3A-4025-8BF5-6B71D0200B1B}.Debug|Any CPU.Build.0 = Debug|Any CPU
		{F875D5BA-EB3A-4025-8BF5-6B71D0200B1B}.Release|Any CPU.ActiveCfg = Release|Any CPU
		{F875D5BA-EB3A-4025-8BF5-6B71D0200B1B}.Release|Any CPU.Build.0 = Release|Any CPU
		{50DF0152-2886-4741-A40F-0E94B7F87BBF}.Debug|Any CPU.ActiveCfg = Debug|Any CPU
		{50DF0152-2886-4741-A40F-0E94B7F87BBF}.Debug|Any CPU.Build.0 = Debug|Any CPU
		{50DF0152-2886-4741-A40F-0E94B7F87BBF}.Release|Any CPU.ActiveCfg = Release|Any CPU
		{50DF0152-2886-4741-A40F-0E94B7F87BBF}.Release|Any CPU.Build.0 = Release|Any CPU
		{D11E7007-28A5-40DF-B4AA-92EAA5487315}.Debug|Any CPU.ActiveCfg = Debug|Any CPU
		{D11E7007-28A5-40DF-B4AA-92EAA5487315}.Debug|Any CPU.Build.0 = Debug|Any CPU
		{D11E7007-28A5-40DF-B4AA-92EAA5487315}.Release|Any CPU.ActiveCfg = Release|Any CPU
		{D11E7007-28A5-40DF-B4AA-92EAA5487315}.Release|Any CPU.Build.0 = Release|Any CPU
		{8681A8A3-4175-4302-A003-55B78E4C6C64}.Debug|Any CPU.ActiveCfg = Debug|Any CPU
		{8681A8A3-4175-4302-A003-55B78E4C6C64}.Debug|Any CPU.Build.0 = Debug|Any CPU
		{8681A8A3-4175-4302-A003-55B78E4C6C64}.Release|Any CPU.ActiveCfg = Release|Any CPU
		{8681A8A3-4175-4302-A003-55B78E4C6C64}.Release|Any CPU.Build.0 = Release|Any CPU
		{66EDD2DC-898E-4F35-B087-0B7ACAE8334B}.Debug|Any CPU.ActiveCfg = Debug|Any CPU
		{66EDD2DC-898E-4F35-B087-0B7ACAE8334B}.Debug|Any CPU.Build.0 = Debug|Any CPU
		{66EDD2DC-898E-4F35-B087-0B7ACAE8334B}.Release|Any CPU.ActiveCfg = Release|Any CPU
		{66EDD2DC-898E-4F35-B087-0B7ACAE8334B}.Release|Any CPU.Build.0 = Release|Any CPU
		{E3D8E8DD-0C15-454F-8CC9-F1635DA0FE83}.Debug|Any CPU.ActiveCfg = Debug|Any CPU
		{E3D8E8DD-0C15-454F-8CC9-F1635DA0FE83}.Debug|Any CPU.Build.0 = Debug|Any CPU
		{E3D8E8DD-0C15-454F-8CC9-F1635DA0FE83}.Release|Any CPU.ActiveCfg = Release|Any CPU
		{E3D8E8DD-0C15-454F-8CC9-F1635DA0FE83}.Release|Any CPU.Build.0 = Release|Any CPU
		{94AD9957-035B-46B3-A547-5D3FFD66C00C}.Debug|Any CPU.ActiveCfg = Debug|Any CPU
		{94AD9957-035B-46B3-A547-5D3FFD66C00C}.Debug|Any CPU.Build.0 = Debug|Any CPU
		{94AD9957-035B-46B3-A547-5D3FFD66C00C}.Release|Any CPU.ActiveCfg = Release|Any CPU
		{94AD9957-035B-46B3-A547-5D3FFD66C00C}.Release|Any CPU.Build.0 = Release|Any CPU
		{0DBD0C6E-6560-4841-8540-A428D14037D8}.Debug|Any CPU.ActiveCfg = Debug|Any CPU
		{0DBD0C6E-6560-4841-8540-A428D14037D8}.Debug|Any CPU.Build.0 = Debug|Any CPU
		{0DBD0C6E-6560-4841-8540-A428D14037D8}.Release|Any CPU.ActiveCfg = Release|Any CPU
		{0DBD0C6E-6560-4841-8540-A428D14037D8}.Release|Any CPU.Build.0 = Release|Any CPU
		{4CC84A3D-B51A-4748-8DDC-39F240DB4BF7}.Debug|Any CPU.ActiveCfg = Debug|Any CPU
		{4CC84A3D-B51A-4748-8DDC-39F240DB4BF7}.Debug|Any CPU.Build.0 = Debug|Any CPU
		{4CC84A3D-B51A-4748-8DDC-39F240DB4BF7}.Release|Any CPU.ActiveCfg = Release|Any CPU
		{4CC84A3D-B51A-4748-8DDC-39F240DB4BF7}.Release|Any CPU.Build.0 = Release|Any CPU
		{49BE7090-AB13-4F82-AC04-2134DE55FB8A}.Debug|Any CPU.ActiveCfg = Debug|Any CPU
		{49BE7090-AB13-4F82-AC04-2134DE55FB8A}.Debug|Any CPU.Build.0 = Debug|Any CPU
		{49BE7090-AB13-4F82-AC04-2134DE55FB8A}.Release|Any CPU.ActiveCfg = Release|Any CPU
		{49BE7090-AB13-4F82-AC04-2134DE55FB8A}.Release|Any CPU.Build.0 = Release|Any CPU
		{B78F5A7F-D95A-4AE8-AF97-772A37E8685F}.Debug|Any CPU.ActiveCfg = Debug|Any CPU
		{B78F5A7F-D95A-4AE8-AF97-772A37E8685F}.Debug|Any CPU.Build.0 = Debug|Any CPU
		{B78F5A7F-D95A-4AE8-AF97-772A37E8685F}.Release|Any CPU.ActiveCfg = Release|Any CPU
		{B78F5A7F-D95A-4AE8-AF97-772A37E8685F}.Release|Any CPU.Build.0 = Release|Any CPU
		{6B5FB675-C063-49A1-A35F-AD1B61C8935E}.Debug|Any CPU.ActiveCfg = Debug|Any CPU
		{6B5FB675-C063-49A1-A35F-AD1B61C8935E}.Debug|Any CPU.Build.0 = Debug|Any CPU
		{6B5FB675-C063-49A1-A35F-AD1B61C8935E}.Release|Any CPU.ActiveCfg = Release|Any CPU
		{6B5FB675-C063-49A1-A35F-AD1B61C8935E}.Release|Any CPU.Build.0 = Release|Any CPU
		{C7D1A128-C8F5-4127-86B8-3FE3B02BEA32}.Debug|Any CPU.ActiveCfg = Debug|Any CPU
		{C7D1A128-C8F5-4127-86B8-3FE3B02BEA32}.Debug|Any CPU.Build.0 = Debug|Any CPU
		{C7D1A128-C8F5-4127-86B8-3FE3B02BEA32}.Release|Any CPU.ActiveCfg = Release|Any CPU
		{C7D1A128-C8F5-4127-86B8-3FE3B02BEA32}.Release|Any CPU.Build.0 = Release|Any CPU
		{021132E5-1821-436E-9DA8-9FF935AA968D}.Debug|Any CPU.ActiveCfg = Debug|Any CPU
		{021132E5-1821-436E-9DA8-9FF935AA968D}.Debug|Any CPU.Build.0 = Debug|Any CPU
		{021132E5-1821-436E-9DA8-9FF935AA968D}.Release|Any CPU.ActiveCfg = Release|Any CPU
		{021132E5-1821-436E-9DA8-9FF935AA968D}.Release|Any CPU.Build.0 = Release|Any CPU
		{64408A59-1DF7-4764-B3E7-C1188F82CE2F}.Debug|Any CPU.ActiveCfg = Debug|Any CPU
		{64408A59-1DF7-4764-B3E7-C1188F82CE2F}.Debug|Any CPU.Build.0 = Debug|Any CPU
		{64408A59-1DF7-4764-B3E7-C1188F82CE2F}.Release|Any CPU.ActiveCfg = Release|Any CPU
		{64408A59-1DF7-4764-B3E7-C1188F82CE2F}.Release|Any CPU.Build.0 = Release|Any CPU
		{66E8E122-506E-4B0F-8F48-3CF7750692CF}.Debug|Any CPU.ActiveCfg = Debug|Any CPU
		{66E8E122-506E-4B0F-8F48-3CF7750692CF}.Debug|Any CPU.Build.0 = Debug|Any CPU
		{66E8E122-506E-4B0F-8F48-3CF7750692CF}.Release|Any CPU.ActiveCfg = Release|Any CPU
		{66E8E122-506E-4B0F-8F48-3CF7750692CF}.Release|Any CPU.Build.0 = Release|Any CPU
	EndGlobalSection
	GlobalSection(SolutionProperties) = preSolution
		HideSolutionNode = FALSE
	EndGlobalSection
	GlobalSection(NestedProjects) = preSolution
		{7B5C13CF-A011-42EF-B718-008DE9617989} = {F261FD51-C24B-4C84-A515-E052BFD5552B}
		{4683F95D-3C5A-4E4F-8815-BBF8085F4E85} = {F261FD51-C24B-4C84-A515-E052BFD5552B}
		{C10F6C62-B9F9-40D9-816F-86B8406A25EB} = {F261FD51-C24B-4C84-A515-E052BFD5552B}
		{7F52845C-044E-44C7-A95C-B5C6776EA724} = {DA47F13E-B06A-4E13-935D-AB43FE0CBE78}
		{BD1246F1-9D60-434C-A042-43F0C9EA6674} = {DA47F13E-B06A-4E13-935D-AB43FE0CBE78}
		{3111927E-90FB-415F-A94E-5772C1B06EDC} = {DA47F13E-B06A-4E13-935D-AB43FE0CBE78}
		{4FEDC81E-F0BD-4A8E-870F-8D3D6A60CD3C} = {85A0D33B-6B25-48BE-B19B-157ADFBFF29D}
		{D6988A67-2C95-4F55-9DB1-75BBDFE75072} = {85A0D33B-6B25-48BE-B19B-157ADFBFF29D}
		{F875D5BA-EB3A-4025-8BF5-6B71D0200B1B} = {85A0D33B-6B25-48BE-B19B-157ADFBFF29D}
		{50DF0152-2886-4741-A40F-0E94B7F87BBF} = {E42ADEAB-E347-426D-A589-2CA7F92353E3}
		{D11E7007-28A5-40DF-B4AA-92EAA5487315} = {E42ADEAB-E347-426D-A589-2CA7F92353E3}
		{8681A8A3-4175-4302-A003-55B78E4C6C64} = {E42ADEAB-E347-426D-A589-2CA7F92353E3}
		{66EDD2DC-898E-4F35-B087-0B7ACAE8334B} = {978402BC-1F91-4E26-9BDC-4F49FEA0C7D1}
		{E3D8E8DD-0C15-454F-8CC9-F1635DA0FE83} = {978402BC-1F91-4E26-9BDC-4F49FEA0C7D1}
		{94AD9957-035B-46B3-A547-5D3FFD66C00C} = {978402BC-1F91-4E26-9BDC-4F49FEA0C7D1}
		{0DBD0C6E-6560-4841-8540-A428D14037D8} = {543BC5B3-6438-4CB8-9B9B-A17779861BF2}
		{4CC84A3D-B51A-4748-8DDC-39F240DB4BF7} = {543BC5B3-6438-4CB8-9B9B-A17779861BF2}
		{49BE7090-AB13-4F82-AC04-2134DE55FB8A} = {543BC5B3-6438-4CB8-9B9B-A17779861BF2}
		{B78F5A7F-D95A-4AE8-AF97-772A37E8685F} = {1568B7CA-2439-432C-B4C5-9AE8AB1A9950}
		{6B5FB675-C063-49A1-A35F-AD1B61C8935E} = {1568B7CA-2439-432C-B4C5-9AE8AB1A9950}
		{C7D1A128-C8F5-4127-86B8-3FE3B02BEA32} = {1568B7CA-2439-432C-B4C5-9AE8AB1A9950}
		{021132E5-1821-436E-9DA8-9FF935AA968D} = {379C5BC2-CC8A-4622-A2CD-4A1699CD8BE4}
		{64408A59-1DF7-4764-B3E7-C1188F82CE2F} = {379C5BC2-CC8A-4622-A2CD-4A1699CD8BE4}
		{66E8E122-506E-4B0F-8F48-3CF7750692CF} = {379C5BC2-CC8A-4622-A2CD-4A1699CD8BE4}
	EndGlobalSection
	GlobalSection(ExtensibilityGlobals) = postSolution
		SolutionGuid = {DE6731AF-0A9D-44AB-8A1E-3B7E3B038AB6}
	EndGlobalSection
EndGlobal
